Microsoft Visual Studio Solution File, Format Version 12.00
# Visual Studio Version 17
VisualStudioVersion = 17.5.2.0
MinimumVisualStudioVersion = 10.0.40219.1
Project("{FAE04EC0-301F-11D3-BF4B-00C04F79EFBC}") = "MapCycleAndChooser-COFYYE", "MapCycleAndChooser-COFYYE.csproj", "{40DF286C-40BF-1DD1-80F4-E31D31DB4AB3}"
EndProject
Global
	GlobalSection(SolutionConfigurationPlatforms) = preSolution
		Debug|Any CPU = Debug|Any CPU
		Release|Any CPU = Release|Any CPU
	EndGlobalSection
	GlobalSection(ProjectConfigurationPlatforms) = postSolution
		{40DF286C-40BF-1DD1-80F4-E31D31DB4AB3}.Debug|Any CPU.ActiveCfg = Debug|Any CPU
		{40DF286C-40BF-1DD1-80F4-E31D31DB4AB3}.Debug|Any CPU.Build.0 = Debug|Any CPU
		{40DF286C-40BF-1DD1-80F4-E31D31DB4AB3}.Release|Any CPU.ActiveCfg = Release|Any CPU
		{40DF286C-40BF-1DD1-80F4-E31D31DB4AB3}.Release|Any CPU.Build.0 = Release|Any CPU
	EndGlobalSection
	GlobalSection(SolutionProperties) = preSolution
		HideSolutionNode = FALSE
	EndGlobalSection
	GlobalSection(ExtensibilityGlobals) = postSolution
		SolutionGuid = {CE699468-19FA-4E40-9B15-B5645187A266}
	EndGlobalSection
EndGlobal
