Microsoft Visual Studio Solution File, Format Version 12.00
# Visual Studio Version 17
VisualStudioVersion = 17.5.2.0
MinimumVisualStudioVersion = 10.0.40219.1
Project("{FAE04EC0-301F-11D3-BF4B-00C04F79EFBC}") = "MapManager-COFYYE", "MapManager-COFYYE.csproj", "{2C8BFF01-A587-5E4A-836E-8DE8518EEB0A}"
EndProject
Global
	GlobalSection(SolutionConfigurationPlatforms) = preSolution
		Debug|Any CPU = Debug|Any CPU
		Release|Any CPU = Release|Any CPU
	EndGlobalSection
	GlobalSection(ProjectConfigurationPlatforms) = postSolution
		{2C8BFF01-A587-5E4A-836E-8DE8518EEB0A}.Debug|Any CPU.ActiveCfg = Debug|Any CPU
		{2C8BFF01-A587-5E4A-836E-8DE8518EEB0A}.Debug|Any CPU.Build.0 = Debug|Any CPU
		{2C8BFF01-A587-5E4A-836E-8DE8518EEB0A}.Release|Any CPU.ActiveCfg = Release|Any CPU
		{2C8BFF01-A587-5E4A-836E-8DE8518EEB0A}.Release|Any CPU.Build.0 = Release|Any CPU
	EndGlobalSection
	GlobalSection(SolutionProperties) = preSolution
		HideSolutionNode = FALSE
	EndGlobalSection
	GlobalSection(ExtensibilityGlobals) = postSolution
		SolutionGuid = {D6492E40-8395-4950-AE5B-BD81885C6ABF}
	EndGlobalSection
EndGlobal
